# THIS IS AN AUTOGENERATED FILE. DO NOT EDIT THIS FILE DIRECTLY.
# yarn lockfile v1


codemirror-spell-checker@1.1.2:
  version "1.1.2"
  resolved "https://registry.yarnpkg.com/codemirror-spell-checker/-/codemirror-spell-checker-1.1.2.tgz#1c660f9089483ccb5113b9ba9ca19c3f4993371e"
  integrity sha1-HGYPkIlIPMtRE7m6nKGcP0mTNx4=
  dependencies:
    typo-js "*"

codemirror@^5.52.2:
  version "5.54.0"
  resolved "https://registry.yarnpkg.com/codemirror/-/codemirror-5.54.0.tgz#82b6adf662b29eeb7b867fe7839d49e25e4a0b38"
  integrity sha512-Pgf3surv4zvw+KaW3doUU7pGjF0BPU8/sj7eglWJjzni46U/DDW8pu3nZY0QgQKUcICDXRkq8jZmq0y6KhxM3Q==

easymde@^2.10.1:
  version "2.10.1"
  resolved "https://registry.yarnpkg.com/easymde/-/easymde-2.10.1.tgz#671836ed08033def1a4379bfa2d193994c46471d"
  integrity sha512-khKYfB18ZYbkJAGEeQXaV2ZZ1QS7BavNj2xdcPGpO8GXi30qA9bVxzswGW8QNZQRmPtaXiQDG236Yv/BQY7P2A==
  dependencies:
    codemirror "^5.52.2"
    codemirror-spell-checker "1.1.2"
    marked "^0.8.2"

marked@^0.8.2:
  version "0.8.2"
  resolved "https://registry.yarnpkg.com/marked/-/marked-0.8.2.tgz#4faad28d26ede351a7a1aaa5fec67915c869e355"
  integrity sha512-EGwzEeCcLniFX51DhTpmTom+dSA/MG/OBUDjnWtHbEnjAH180VzUeAw+oE4+Zv+CoYBWyRlYOTR0N8SO9R1PVw==

typo-js@*:
  version "1.1.0"
  resolved "https://registry.yarnpkg.com/typo-js/-/typo-js-1.1.0.tgz#a5a9f592bcb453666bf70c9694da58705d025ed8"
  integrity sha512-W3kLbx+ML9PBl5Bzso/lTvVxk4BCveSNAtQeht59FEtxCdGThmn6wSHA4Xq3eQYAK24NHdisMM4JmsK0GFy/pg==
