# THIS IS AN AUTOGENERATED FILE. DO NOT EDIT THIS FILE DIRECTLY.
# yarn lockfile v1


codemirror-spell-checker@*:
  version "1.1.2"
  resolved "https://registry.yarnpkg.com/codemirror-spell-checker/-/codemirror-spell-checker-1.1.2.tgz#1c660f9089483ccb5113b9ba9ca19c3f4993371e"
  integrity sha1-HGYPkIlIPMtRE7m6nKGcP0mTNx4=
  dependencies:
    typo-js "*"

codemirror@*:
  version "5.52.0"
  resolved "https://registry.yarnpkg.com/codemirror/-/codemirror-5.52.0.tgz#4dbd6aef7f0e63db826b9a23922f0c03ac75c0a7"
  integrity sha512-K2UB6zjscrfME03HeRe/IuOmCeqNpw7PLKGHThYpLbZEuKf+ZoujJPhxZN4hHJS1O7QyzEsV7JJZGxuQWVaFCg==

marked@*:
  version "0.8.0"
  resolved "https://registry.yarnpkg.com/marked/-/marked-0.8.0.tgz#ec5c0c9b93878dc52dd54be8d0e524097bd81a99"
  integrity sha512-MyUe+T/Pw4TZufHkzAfDj6HarCBWia2y27/bhuYkTaiUnfDYFnCP3KUN+9oM7Wi6JA2rymtVYbQu3spE0GCmxQ==

simplemde@^1.11.2:
  version "1.11.2"
  resolved "https://registry.yarnpkg.com/simplemde/-/simplemde-1.11.2.tgz#a23a35d978d2c40ef07dec008c92f070d8e080e3"
  integrity sha1-ojo12XjSxA7wfewAjJLwcNjggOM=
  dependencies:
    codemirror "*"
    codemirror-spell-checker "*"
    marked "*"

typo-js@*:
  version "1.1.0"
  resolved "https://registry.yarnpkg.com/typo-js/-/typo-js-1.1.0.tgz#a5a9f592bcb453666bf70c9694da58705d025ed8"
  integrity sha512-W3kLbx+ML9PBl5Bzso/lTvVxk4BCveSNAtQeht59FEtxCdGThmn6wSHA4Xq3eQYAK24NHdisMM4JmsK0GFy/pg==
